{
  "nodes": {
    "nix": {
      "inputs": {
        "nixpkgs": "nixpkgs"
      },
      "locked": {
        "lastModified": 1618390978,
        "narHash": "sha256-hu5yAXvc85T7FljK+3gdCkkCCTVpK5D1Rtz9byZoL9E=",
        "owner": "NixOS",
        "repo": "nix",
        "rev": "709a60a045688cc5921574155958af9bc2349d02",
        "type": "github"
      },
      "original": {
        "id": "nix",
        "type": "indirect"
      }
    },
    "nixpkgs": {
      "locked": {
        "lastModified": 1614309161,
        "narHash": "sha256-93kRxDPyEW9QIpxU71kCaV1r+hgOgP6/aVgC7vvO8IU=",
        "owner": "NixOS",
        "repo": "nixpkgs",
        "rev": "0e499fde7af3c28d63e9b13636716b86c3162b93",
        "type": "github"
      },
      "original": {
        "id": "nixpkgs",
        "ref": "nixos-20.09-small",
        "type": "indirect"
      }
    },
    "root": {
      "inputs": {
        "nix": "nix",
        "nixpkgs": [
          "nix",
          "nixpkgs"
        ]
      }
    }
  },
  "root": "root",
  "version": 7
}
